
Microsoft Visual Studio Solution File, Format Version 12.00
# Visual Studio Version 16
VisualStudioVersion = 16.0.29403.142
MinimumVisualStudioVersion = 10.0.40219.1
Project("{FAE04EC0-301F-11D3-BF4B-00C04F79EFBC}") = "Tests", "Tests\Tests.csproj", "{CDC67105-F228-4F17-915F-AE4AA12C39B8}"
EndProject
Project("{FAE04EC0-301F-11D3-BF4B-00C04F79EFBC}") = "SlackbotAnchor.Standard", "SlackbotAnchor.Standard\SlackbotAnchor.Standard.csproj", "{FCC3D545-2AAC-49CA-B0C5-1268CF27B28C}"
EndProject
Global
	GlobalSection(SolutionConfigurationPlatforms) = preSolution
		Debug|Any CPU = Debug|Any CPU
		Release|Any CPU = Release|Any CPU
	EndGlobalSection
	GlobalSection(ProjectConfigurationPlatforms) = postSolution
		{CDC67105-F228-4F17-915F-AE4AA12C39B8}.Debug|Any CPU.ActiveCfg = Debug|Any CPU
		{CDC67105-F228-4F17-915F-AE4AA12C39B8}.Debug|Any CPU.Build.0 = Debug|Any CPU
		{CDC67105-F228-4F17-915F-AE4AA12C39B8}.Release|Any CPU.ActiveCfg = Release|Any CPU
		{FCC3D545-2AAC-49CA-B0C5-1268CF27B28C}.Debug|Any CPU.ActiveCfg = Debug|Any CPU
		{FCC3D545-2AAC-49CA-B0C5-1268CF27B28C}.Debug|Any CPU.Build.0 = Debug|Any CPU
		{FCC3D545-2AAC-49CA-B0C5-1268CF27B28C}.Release|Any CPU.ActiveCfg = Release|Any CPU
		{FCC3D545-2AAC-49CA-B0C5-1268CF27B28C}.Release|Any CPU.Build.0 = Release|Any CPU
	EndGlobalSection
	GlobalSection(SolutionProperties) = preSolution
		HideSolutionNode = FALSE
	EndGlobalSection
	GlobalSection(ExtensibilityGlobals) = postSolution
		SolutionGuid = {829B1A36-0194-40A8-830D-8F8F3DCD51A3}
	EndGlobalSection
EndGlobal
